// !$*UTF8*$!
{
	archiveVersion = 1;
	classes = {
	};
	objectVersion = 46;
	objects = {

/* Begin PBXBuildFile section */
		3DCFFA041807A21E007ED778 /* Foundation.framework in Frameworks */ = {isa = PBXBuildFile; fileRef = 3DCFFA031807A21E007ED778 /* Foundation.framework */; };
		3DCFFA061807A21E007ED778 /* CoreGraphics.framework in Frameworks */ = {isa = PBXBuildFile; fileRef = 3DCFFA051807A21E007ED778 /* CoreGraphics.framework */; };
		3DCFFA081807A21E007ED778 /* UIKit.framework in Frameworks */ = {isa = PBXBuildFile; fileRef = 3DCFFA071807A21E007ED778 /* UIKit.framework */; };
		3DCFFA0E1807A21E007ED778 /* InfoPlist.strings in Resources */ = {isa = PBXBuildFile; fileRef = 3DCFFA0C1807A21E007ED778 /* InfoPlist.strings */; };
		3DCFFA101807A21E007ED778 /* main.m in Sources */ = {isa = PBXBuildFile; fileRef = 3DCFFA0F1807A21E007ED778 /* main.m */; };
		3DCFFA141807A21E007ED778 /* SGAppDelegate.m in Sources */ = {isa = PBXBuildFile; fileRef = 3DCFFA131807A21E007ED778 /* SGAppDelegate.m */; };
		3DCFFA171807A21E007ED778 /* Main.storyboard in Resources */ = {isa = PBXBuildFile; fileRef = 3DCFFA151807A21E007ED778 /* Main.storyboard */; };
		3DCFFA1A1807A21E007ED778 /* SGViewController.m in Sources */ = {isa = PBXBuildFile; fileRef = 3DCFFA191807A21E007ED778 /* SGViewController.m */; };
		3DCFFA1C1807A21E007ED778 /* Images.xcassets in Resources */ = {isa = PBXBuildFile; fileRef = 3DCFFA1B1807A21E007ED778 /* Images.xcassets */; };
		3DCFFA231807A21E007ED778 /* XCTest.framework in Frameworks */ = {isa = PBXBuildFile; fileRef = 3DCFFA221807A21E007ED778 /* XCTest.framework */; };
		3DCFFA241807A21E007ED778 /* Foundation.framework in Frameworks */ = {isa = PBXBuildFile; fileRef = 3DCFFA031807A21E007ED778 /* Foundation.framework */; };
		3DCFFA251807A21E007ED778 /* UIKit.framework in Frameworks */ = {isa = PBXBuildFile; fileRef = 3DCFFA071807A21E007ED778 /* UIKit.framework */; };
		3DCFFA2D1807A21E007ED778 /* InfoPlist.strings in Resources */ = {isa = PBXBuildFile; fileRef = 3DCFFA2B1807A21E007ED778 /* InfoPlist.strings */; };
		3DCFFA2F1807A21E007ED778 /* State_GameTests.m in Sources */ = {isa = PBXBuildFile; fileRef = 3DCFFA2E1807A21E007ED778 /* State_GameTests.m */; };
		3DCFFA3A1807A245007ED778 /* State.m in Sources */ = {isa = PBXBuildFile; fileRef = 3DCFFA391807A245007ED778 /* State.m */; };
		3DCFFA3D1808B9DE007ED778 /* StateTable.m in Sources */ = {isa = PBXBuildFile; fileRef = 3DCFFA3C1808B9DE007ED778 /* StateTable.m */; };
		3DFDA394180BDEAE00B0F128 /* AVFoundation.framework in Frameworks */ = {isa = PBXBuildFile; fileRef = 3DFDA393180BDEAE00B0F128 /* AVFoundation.framework */; };
		3DFDA398180BE43E00B0F128 /* STATIC.WAV in Resources */ = {isa = PBXBuildFile; fileRef = 3DFDA396180BE43E00B0F128 /* STATIC.WAV */; };
		3DFDA399180BE43E00B0F128 /* TIMBALE2.WAV in Resources */ = {isa = PBXBuildFile; fileRef = 3DFDA397180BE43E00B0F128 /* TIMBALE2.WAV */; };
		3DFDA39B180BE80F00B0F128 /* PAPERCUT.WAV in Resources */ = {isa = PBXBuildFile; fileRef = 3DFDA39A180BE80F00B0F128 /* PAPERCUT.WAV */; };
		3DFDA39D180BEFAE00B0F128 /* Conga Groove 01.caf in Resources */ = {isa = PBXBuildFile; fileRef = 3DFDA39C180BEFAE00B0F128 /* Conga Groove 01.caf */; };
/* End PBXBuildFile section */

/* Begin PBXContainerItemProxy section */
		3DCFFA261807A21E007ED778 /* PBXContainerItemProxy */ = {
			isa = PBXContainerItemProxy;
			containerPortal = 3DCFF9F81807A21D007ED778 /* Project object */;
			proxyType = 1;
			remoteGlobalIDString = 3DCFF9FF1807A21E007ED778;
			remoteInfo = "State Game";
		};
/* End PBXContainerItemProxy section */

/* Begin PBXFileReference section */
		3DCFFA001807A21E007ED778 /* State Game.app */ = {isa = PBXFileReference; explicitFileType = wrapper.application; includeInIndex = 0; path = "State Game.app"; sourceTree = BUILT_PRODUCTS_DIR; };
		3DCFFA031807A21E007ED778 /* Foundation.framework */ = {isa = PBXFileReference; lastKnownFileType = wrapper.framework; name = Foundation.framework; path = System/Library/Frameworks/Foundation.framework; sourceTree = SDKROOT; };
		3DCFFA051807A21E007ED778 /* CoreGraphics.framework */ = {isa = PBXFileReference; lastKnownFileType = wrapper.framework; name = CoreGraphics.framework; path = System/Library/Frameworks/CoreGraphics.framework; sourceTree = SDKROOT; };
		3DCFFA071807A21E007ED778 /* UIKit.framework */ = {isa = PBXFileReference; lastKnownFileType = wrapper.framework; name = UIKit.framework; path = System/Library/Frameworks/UIKit.framework; sourceTree = SDKROOT; };
		3DCFFA0B1807A21E007ED778 /* State Game-Info.plist */ = {isa = PBXFileReference; lastKnownFileType = text.plist.xml; path = "State Game-Info.plist"; sourceTree = "<group>"; };
		3DCFFA0D1807A21E007ED778 /* en */ = {isa = PBXFileReference; lastKnownFileType = text.plist.strings; name = en; path = en.lproj/InfoPlist.strings; sourceTree = "<group>"; };
		3DCFFA0F1807A21E007ED778 /* main.m */ = {isa = PBXFileReference; lastKnownFileType = sourcecode.c.objc; path = main.m; sourceTree = "<group>"; };
		3DCFFA111807A21E007ED778 /* State Game-Prefix.pch */ = {isa = PBXFileReference; lastKnownFileType = sourcecode.c.h; path = "State Game-Prefix.pch"; sourceTree = "<group>"; };
		3DCFFA121807A21E007ED778 /* SGAppDelegate.h */ = {isa = PBXFileReference; lastKnownFileType = sourcecode.c.h; path = SGAppDelegate.h; sourceTree = "<group>"; };
		3DCFFA131807A21E007ED778 /* SGAppDelegate.m */ = {isa = PBXFileReference; lastKnownFileType = sourcecode.c.objc; path = SGAppDelegate.m; sourceTree = "<group>"; };
		3DCFFA161807A21E007ED778 /* Base */ = {isa = PBXFileReference; lastKnownFileType = file.storyboard; name = Base; path = Base.lproj/Main.storyboard; sourceTree = "<group>"; };
		3DCFFA181807A21E007ED778 /* SGViewController.h */ = {isa = PBXFileReference; lastKnownFileType = sourcecode.c.h; path = SGViewController.h; sourceTree = "<group>"; };
		3DCFFA191807A21E007ED778 /* SGViewController.m */ = {isa = PBXFileReference; lastKnownFileType = sourcecode.c.objc; path = SGViewController.m; sourceTree = "<group>"; };
		3DCFFA1B1807A21E007ED778 /* Images.xcassets */ = {isa = PBXFileReference; lastKnownFileType = folder.assetcatalog; path = Images.xcassets; sourceTree = "<group>"; };
		3DCFFA211807A21E007ED778 /* State GameTests.xctest */ = {isa = PBXFileReference; explicitFileType = wrapper.cfbundle; includeInIndex = 0; path = "State GameTests.xctest"; sourceTree = BUILT_PRODUCTS_DIR; };
		3DCFFA221807A21E007ED778 /* XCTest.framework */ = {isa = PBXFileReference; lastKnownFileType = wrapper.framework; name = XCTest.framework; path = Library/Frameworks/XCTest.framework; sourceTree = DEVELOPER_DIR; };
		3DCFFA2A1807A21E007ED778 /* State GameTests-Info.plist */ = {isa = PBXFileReference; lastKnownFileType = text.plist.xml; path = "State GameTests-Info.plist"; sourceTree = "<group>"; };
		3DCFFA2C1807A21E007ED778 /* en */ = {isa = PBXFileReference; lastKnownFileType = text.plist.strings; name = en; path = en.lproj/InfoPlist.strings; sourceTree = "<group>"; };
		3DCFFA2E1807A21E007ED778 /* State_GameTests.m */ = {isa = PBXFileReference; lastKnownFileType = sourcecode.c.objc; path = State_GameTests.m; sourceTree = "<group>"; };
		3DCFFA381807A245007ED778 /* State.h */ = {isa = PBXFileReference; fileEncoding = 4; lastKnownFileType = sourcecode.c.h; path = State.h; sourceTree = "<group>"; };
		3DCFFA391807A245007ED778 /* State.m */ = {isa = PBXFileReference; fileEncoding = 4; lastKnownFileType = sourcecode.c.objc; path = State.m; sourceTree = "<group>"; };
		3DCFFA3B1808B9DE007ED778 /* StateTable.h */ = {isa = PBXFileReference; fileEncoding = 4; lastKnownFileType = sourcecode.c.h; path = StateTable.h; sourceTree = "<group>"; };
		3DCFFA3C1808B9DE007ED778 /* StateTable.m */ = {isa = PBXFileReference; fileEncoding = 4; lastKnownFileType = sourcecode.c.objc; path = StateTable.m; sourceTree = "<group>"; };
		3DFDA393180BDEAE00B0F128 /* AVFoundation.framework */ = {isa = PBXFileReference; lastKnownFileType = wrapper.framework; name = AVFoundation.framework; path = System/Library/Frameworks/AVFoundation.framework; sourceTree = SDKROOT; };
		3DFDA396180BE43E00B0F128 /* STATIC.WAV */ = {isa = PBXFileReference; lastKnownFileType = audio.wav; path = STATIC.WAV; sourceTree = SOURCE_ROOT; };
		3DFDA397180BE43E00B0F128 /* TIMBALE2.WAV */ = {isa = PBXFileReference; lastKnownFileType = audio.wav; path = TIMBALE2.WAV; sourceTree = SOURCE_ROOT; };
		3DFDA39A180BE80F00B0F128 /* PAPERCUT.WAV */ = {isa = PBXFileReference; lastKnownFileType = audio.wav; path = PAPERCUT.WAV; sourceTree = SOURCE_ROOT; };
		3DFDA39C180BEFAE00B0F128 /* Conga Groove 01.caf */ = {isa = PBXFileReference; lastKnownFileType = file; path = "Conga Groove 01.caf"; sourceTree = SOURCE_ROOT; };
/* End PBXFileReference section */

/* Begin PBXFrameworksBuildPhase section */
		3DCFF9FD1807A21E007ED778 /* Frameworks */ = {
			isa = PBXFrameworksBuildPhase;
			buildActionMask = 2147483647;
			files = (
				3DFDA394180BDEAE00B0F128 /* AVFoundation.framework in Frameworks */,
				3DCFFA061807A21E007ED778 /* CoreGraphics.framework in Frameworks */,
				3DCFFA081807A21E007ED778 /* UIKit.framework in Frameworks */,
				3DCFFA041807A21E007ED778 /* Foundation.framework in Frameworks */,
			);
			runOnlyForDeploymentPostprocessing = 0;
		};
		3DCFFA1E1807A21E007ED778 /* Frameworks */ = {
			isa = PBXFrameworksBuildPhase;
			buildActionMask = 2147483647;
			files = (
				3DCFFA231807A21E007ED778 /* XCTest.framework in Frameworks */,
				3DCFFA251807A21E007ED778 /* UIKit.framework in Frameworks */,
				3DCFFA241807A21E007ED778 /* Foundation.framework in Frameworks */,
			);
			runOnlyForDeploymentPostprocessing = 0;
		};
/* End PBXFrameworksBuildPhase section */

/* Begin PBXGroup section */
		3DCFF9F71807A21D007ED778 = {
			isa = PBXGroup;
			children = (
				3DCFFA091807A21E007ED778 /* State Game */,
				3DCFFA281807A21E007ED778 /* State GameTests */,
				3DCFFA021807A21E007ED778 /* Frameworks */,
				3DCFFA011807A21E007ED778 /* Products */,
			);
			sourceTree = "<group>";
		};
		3DCFFA011807A21E007ED778 /* Products */ = {
			isa = PBXGroup;
			children = (
				3DCFFA001807A21E007ED778 /* State Game.app */,
				3DCFFA211807A21E007ED778 /* State GameTests.xctest */,
			);
			name = Products;
			sourceTree = "<group>";
		};
		3DCFFA021807A21E007ED778 /* Frameworks */ = {
			isa = PBXGroup;
			children = (
				3DFDA393180BDEAE00B0F128 /* AVFoundation.framework */,
				3DCFFA031807A21E007ED778 /* Foundation.framework */,
				3DCFFA051807A21E007ED778 /* CoreGraphics.framework */,
				3DCFFA071807A21E007ED778 /* UIKit.framework */,
				3DCFFA221807A21E007ED778 /* XCTest.framework */,
			);
			name = Frameworks;
			sourceTree = "<group>";
		};
		3DCFFA091807A21E007ED778 /* State Game */ = {
			isa = PBXGroup;
			children = (
				3DCFFA121807A21E007ED778 /* SGAppDelegate.h */,
				3DCFFA131807A21E007ED778 /* SGAppDelegate.m */,
				3DCFFA151807A21E007ED778 /* Main.storyboard */,
				3DCFFA181807A21E007ED778 /* SGViewController.h */,
				3DCFFA191807A21E007ED778 /* SGViewController.m */,
				3DCFFA1B1807A21E007ED778 /* Images.xcassets */,
				3DCFFA0A1807A21E007ED778 /* Supporting Files */,
				3DCFFA381807A245007ED778 /* State.h */,
				3DCFFA391807A245007ED778 /* State.m */,
			);
			path = "State Game";
			sourceTree = "<group>";
		};
		3DCFFA0A1807A21E007ED778 /* Supporting Files */ = {
			isa = PBXGroup;
			children = (
				3DFDA395180BE41E00B0F128 /* Audio */,
				3DCFFA0B1807A21E007ED778 /* State Game-Info.plist */,
				3DCFFA0C1807A21E007ED778 /* InfoPlist.strings */,
				3DCFFA0F1807A21E007ED778 /* main.m */,
				3DCFFA111807A21E007ED778 /* State Game-Prefix.pch */,
				3DCFFA3B1808B9DE007ED778 /* StateTable.h */,
				3DCFFA3C1808B9DE007ED778 /* StateTable.m */,
			);
			name = "Supporting Files";
			sourceTree = "<group>";
		};
		3DCFFA281807A21E007ED778 /* State GameTests */ = {
			isa = PBXGroup;
			children = (
				3DCFFA2E1807A21E007ED778 /* State_GameTests.m */,
				3DCFFA291807A21E007ED778 /* Supporting Files */,
			);
			path = "State GameTests";
			sourceTree = "<group>";
		};
		3DCFFA291807A21E007ED778 /* Supporting Files */ = {
			isa = PBXGroup;
			children = (
				3DCFFA2A1807A21E007ED778 /* State GameTests-Info.plist */,
				3DCFFA2B1807A21E007ED778 /* InfoPlist.strings */,
			);
			name = "Supporting Files";
			sourceTree = "<group>";
		};
		3DFDA395180BE41E00B0F128 /* Audio */ = {
			isa = PBXGroup;
			children = (
				3DFDA39C180BEFAE00B0F128 /* Conga Groove 01.caf */,
				3DFDA39A180BE80F00B0F128 /* PAPERCUT.WAV */,
				3DFDA396180BE43E00B0F128 /* STATIC.WAV */,
				3DFDA397180BE43E00B0F128 /* TIMBALE2.WAV */,
			);
			name = Audio;
			sourceTree = "<group>";
		};
/* End PBXGroup section */

/* Begin PBXNativeTarget section */
		3DCFF9FF1807A21E007ED778 /* State Game */ = {
			isa = PBXNativeTarget;
			buildConfigurationList = 3DCFFA321807A21E007ED778 /* Build configuration list for PBXNativeTarget "State Game" */;
			buildPhases = (
				3DCFF9FC1807A21E007ED778 /* Sources */,
				3DCFF9FD1807A21E007ED778 /* Frameworks */,
				3DCFF9FE1807A21E007ED778 /* Resources */,
			);
			buildRules = (
			);
			dependencies = (
			);
			name = "State Game";
			productName = "State Game";
			productReference = 3DCFFA001807A21E007ED778 /* State Game.app */;
			productType = "com.apple.product-type.application";
		};
		3DCFFA201807A21E007ED778 /* State GameTests */ = {
			isa = PBXNativeTarget;
			buildConfigurationList = 3DCFFA351807A21E007ED778 /* Build configuration list for PBXNativeTarget "State GameTests" */;
			buildPhases = (
				3DCFFA1D1807A21E007ED778 /* Sources */,
				3DCFFA1E1807A21E007ED778 /* Frameworks */,
				3DCFFA1F1807A21E007ED778 /* Resources */,
			);
			buildRules = (
			);
			dependencies = (
				3DCFFA271807A21E007ED778 /* PBXTargetDependency */,
			);
			name = "State GameTests";
			productName = "State GameTests";
			productReference = 3DCFFA211807A21E007ED778 /* State GameTests.xctest */;
			productType = "com.apple.product-type.bundle.unit-test";
		};
/* End PBXNativeTarget section */

/* Begin PBXProject section */
		3DCFF9F81807A21D007ED778 /* Project object */ = {
			isa = PBXProject;
			attributes = {
				CLASSPREFIX = SG;
				LastUpgradeCheck = 0500;
				ORGANIZATIONNAME = "Gerald Blake";
				TargetAttributes = {
					3DCFFA201807A21E007ED778 = {
						TestTargetID = 3DCFF9FF1807A21E007ED778;
					};
				};
			};
			buildConfigurationList = 3DCFF9FB1807A21D007ED778 /* Build configuration list for PBXProject "State Game" */;
			compatibilityVersion = "Xcode 3.2";
			developmentRegion = English;
			hasScannedForEncodings = 0;
			knownRegions = (
				en,
				Base,
			);
			mainGroup = 3DCFF9F71807A21D007ED778;
			productRefGroup = 3DCFFA011807A21E007ED778 /* Products */;
			projectDirPath = "";
			projectRoot = "";
			targets = (
				3DCFF9FF1807A21E007ED778 /* State Game */,
				3DCFFA201807A21E007ED778 /* State GameTests */,
			);
		};
/* End PBXProject section */

/* Begin PBXResourcesBuildPhase section */
		3DCFF9FE1807A21E007ED778 /* Resources */ = {
			isa = PBXResourcesBuildPhase;
			buildActionMask = 2147483647;
			files = (
				3DCFFA1C1807A21E007ED778 /* Images.xcassets in Resources */,
				3DFDA39D180BEFAE00B0F128 /* Conga Groove 01.caf in Resources */,
				3DFDA399180BE43E00B0F128 /* TIMBALE2.WAV in Resources */,
				3DFDA39B180BE80F00B0F128 /* PAPERCUT.WAV in Resources */,
				3DCFFA0E1807A21E007ED778 /* InfoPlist.strings in Resources */,
				3DFDA398180BE43E00B0F128 /* STATIC.WAV in Resources */,
				3DCFFA171807A21E007ED778 /* Main.storyboard in Resources */,
			);
			runOnlyForDeploymentPostprocessing = 0;
		};
		3DCFFA1F1807A21E007ED778 /* Resources */ = {
			isa = PBXResourcesBuildPhase;
			buildActionMask = 2147483647;
			files = (
				3DCFFA2D1807A21E007ED778 /* InfoPlist.strings in Resources */,
			);
			runOnlyForDeploymentPostprocessing = 0;
		};
/* End PBXResourcesBuildPhase section */

/* Begin PBXSourcesBuildPhase section */
		3DCFF9FC1807A21E007ED778 /* Sources */ = {
			isa = PBXSourcesBuildPhase;
			buildActionMask = 2147483647;
			files = (
				3DCFFA141807A21E007ED778 /* SGAppDelegate.m in Sources */,
				3DCFFA1A1807A21E007ED778 /* SGViewController.m in Sources */,
				3DCFFA101807A21E007ED778 /* main.m in Sources */,
				3DCFFA3A1807A245007ED778 /* State.m in Sources */,
				3DCFFA3D1808B9DE007ED778 /* StateTable.m in Sources */,
			);
			runOnlyForDeploymentPostprocessing = 0;
		};
		3DCFFA1D1807A21E007ED778 /* Sources */ = {
			isa = PBXSourcesBuildPhase;
			buildActionMask = 2147483647;
			files = (
				3DCFFA2F1807A21E007ED778 /* State_GameTests.m in Sources */,
			);
			runOnlyForDeploymentPostprocessing = 0;
		};
/* End PBXSourcesBuildPhase section */

/* Begin PBXTargetDependency section */
		3DCFFA271807A21E007ED778 /* PBXTargetDependency */ = {
			isa = PBXTargetDependency;
			target = 3DCFF9FF1807A21E007ED778 /* State Game */;
			targetProxy = 3DCFFA261807A21E007ED778 /* PBXContainerItemProxy */;
		};
/* End PBXTargetDependency section */

/* Begin PBXVariantGroup section */
		3DCFFA0C1807A21E007ED778 /* InfoPlist.strings */ = {
			isa = PBXVariantGroup;
			children = (
				3DCFFA0D1807A21E007ED778 /* en */,
			);
			name = InfoPlist.strings;
			sourceTree = "<group>";
		};
		3DCFFA151807A21E007ED778 /* Main.storyboard */ = {
			isa = PBXVariantGroup;
			children = (
				3DCFFA161807A21E007ED778 /* Base */,
			);
			name = Main.storyboard;
			sourceTree = "<group>";
		};
		3DCFFA2B1807A21E007ED778 /* InfoPlist.strings */ = {
			isa = PBXVariantGroup;
			children = (
				3DCFFA2C1807A21E007ED778 /* en */,
			);
			name = InfoPlist.strings;
			sourceTree = "<group>";
		};
/* End PBXVariantGroup section */

/* Begin XCBuildConfiguration section */
		3DCFFA301807A21E007ED778 /* Debug */ = {
			isa = XCBuildConfiguration;
			buildSettings = {
				ALWAYS_SEARCH_USER_PATHS = NO;
				ARCHS = "$(ARCHS_STANDARD_INCLUDING_64_BIT)";
				CLANG_CXX_LANGUAGE_STANDARD = "gnu++0x";
				CLANG_CXX_LIBRARY = "libc++";
				CLANG_ENABLE_MODULES = YES;
				CLANG_ENABLE_OBJC_ARC = YES;
				CLANG_WARN_BOOL_CONVERSION = YES;
				CLANG_WARN_CONSTANT_CONVERSION = YES;
				CLANG_WARN_DIRECT_OBJC_ISA_USAGE = YES_ERROR;
				CLANG_WARN_EMPTY_BODY = YES;
				CLANG_WARN_ENUM_CONVERSION = YES;
				CLANG_WARN_INT_CONVERSION = YES;
				CLANG_WARN_OBJC_ROOT_CLASS = YES_ERROR;
				CLANG_WARN__DUPLICATE_METHOD_MATCH = YES;
				"CODE_SIGN_IDENTITY[sdk=iphoneos*]" = "iPhone Developer";
				COPY_PHASE_STRIP = NO;
				GCC_C_LANGUAGE_STANDARD = gnu99;
				GCC_DYNAMIC_NO_PIC = NO;
				GCC_OPTIMIZATION_LEVEL = 0;
				GCC_PREPROCESSOR_DEFINITIONS = (
					"DEBUG=1",
					"$(inherited)",
				);
				GCC_SYMBOLS_PRIVATE_EXTERN = NO;
				GCC_WARN_64_TO_32_BIT_CONVERSION = YES;
				GCC_WARN_ABOUT_RETURN_TYPE = YES_ERROR;
				GCC_WARN_UNDECLARED_SELECTOR = YES;
				GCC_WARN_UNINITIALIZED_AUTOS = YES;
				GCC_WARN_UNUSED_FUNCTION = YES;
				GCC_WARN_UNUSED_VARIABLE = YES;
				IPHONEOS_DEPLOYMENT_TARGET = 7.0;
				ONLY_ACTIVE_ARCH = YES;
				SDKROOT = iphoneos;
			};
			name = Debug;
		};
		3DCFFA311807A21E007ED778 /* Release */ = {
			isa = XCBuildConfiguration;
			buildSettings = {
				ALWAYS_SEARCH_USER_PATHS = NO;
				ARCHS = "$(ARCHS_STANDARD_INCLUDING_64_BIT)";
				CLANG_CXX_LANGUAGE_STANDARD = "gnu++0x";
				CLANG_CXX_LIBRARY = "libc++";
				CLANG_ENABLE_MODULES = YES;
				CLANG_ENABLE_OBJC_ARC = YES;
				CLANG_WARN_BOOL_CONVERSION = YES;
				CLANG_WARN_CONSTANT_CONVERSION = YES;
				CLANG_WARN_DIRECT_OBJC_ISA_USAGE = YES_ERROR;
				CLANG_WARN_EMPTY_BODY = YES;
				CLANG_WARN_ENUM_CONVERSION = YES;
				CLANG_WARN_INT_CONVERSION = YES;
				CLANG_WARN_OBJC_ROOT_CLASS = YES_ERROR;
				CLANG_WARN__DUPLICATE_METHOD_MATCH = YES;
				"CODE_SIGN_IDENTITY[sdk=iphoneos*]" = "iPhone Developer";
				COPY_PHASE_STRIP = YES;
				ENABLE_NS_ASSERTIONS = NO;
				GCC_C_LANGUAGE_STANDARD = gnu99;
				GCC_WARN_64_TO_32_BIT_CONVERSION = YES;
				GCC_WARN_ABOUT_RETURN_TYPE = YES_ERROR;
				GCC_WARN_UNDECLARED_SELECTOR = YES;
				GCC_WARN_UNINITIALIZED_AUTOS = YES;
				GCC_WARN_UNUSED_FUNCTION = YES;
				GCC_WARN_UNUSED_VARIABLE = YES;
				IPHONEOS_DEPLOYMENT_TARGET = 7.0;
				SDKROOT = iphoneos;
				VALIDATE_PRODUCT = YES;
			};
			name = Release;
		};
		3DCFFA331807A21E007ED778 /* Debug */ = {
			isa = XCBuildConfiguration;
			buildSettings = {
				ASSETCATALOG_COMPILER_APPICON_NAME = AppIcon;
				ASSETCATALOG_COMPILER_LAUNCHIMAGE_NAME = LaunchImage;
				GCC_PRECOMPILE_PREFIX_HEADER = YES;
				GCC_PREFIX_HEADER = "State Game/State Game-Prefix.pch";
				INFOPLIST_FILE = "State Game/State Game-Info.plist";
				PRODUCT_NAME = "$(TARGET_NAME)";
				WRAPPER_EXTENSION = app;
			};
			name = Debug;
		};
		3DCFFA341807A21E007ED778 /* Release */ = {
			isa = XCBuildConfiguration;
			buildSettings = {
				ASSETCATALOG_COMPILER_APPICON_NAME = AppIcon;
				ASSETCATALOG_COMPILER_LAUNCHIMAGE_NAME = LaunchImage;
				GCC_PRECOMPILE_PREFIX_HEADER = YES;
				GCC_PREFIX_HEADER = "State Game/State Game-Prefix.pch";
				INFOPLIST_FILE = "State Game/State Game-Info.plist";
				PRODUCT_NAME = "$(TARGET_NAME)";
				WRAPPER_EXTENSION = app;
			};
			name = Release;
		};
		3DCFFA361807A21E007ED778 /* Debug */ = {
			isa = XCBuildConfiguration;
			buildSettings = {
				ARCHS = "$(ARCHS_STANDARD_INCLUDING_64_BIT)";
				BUNDLE_LOADER = "$(BUILT_PRODUCTS_DIR)/State Game.app/State Game";
				FRAMEWORK_SEARCH_PATHS = (
					"$(SDKROOT)/Developer/Library/Frameworks",
					"$(inherited)",
					"$(DEVELOPER_FRAMEWORKS_DIR)",
				);
				GCC_PRECOMPILE_PREFIX_HEADER = YES;
				GCC_PREFIX_HEADER = "State Game/State Game-Prefix.pch";
				GCC_PREPROCESSOR_DEFINITIONS = (
					"DEBUG=1",
					"$(inherited)",
				);
				INFOPLIST_FILE = "State GameTests/State GameTests-Info.plist";
				PRODUCT_NAME = "$(TARGET_NAME)";
				TEST_HOST = "$(BUNDLE_LOADER)";
				WRAPPER_EXTENSION = xctest;
			};
			name = Debug;
		};
		3DCFFA371807A21E007ED778 /* Release */ = {
			isa = XCBuildConfiguration;
			buildSettings = {
				ARCHS = "$(ARCHS_STANDARD_INCLUDING_64_BIT)";
				BUNDLE_LOADER = "$(BUILT_PRODUCTS_DIR)/State Game.app/State Game";
				FRAMEWORK_SEARCH_PATHS = (
					"$(SDKROOT)/Developer/Library/Frameworks",
					"$(inherited)",
					"$(DEVELOPER_FRAMEWORKS_DIR)",
				);
				GCC_PRECOMPILE_PREFIX_HEADER = YES;
				GCC_PREFIX_HEADER = "State Game/State Game-Prefix.pch";
				INFOPLIST_FILE = "State GameTests/State GameTests-Info.plist";
				PRODUCT_NAME = "$(TARGET_NAME)";
				TEST_HOST = "$(BUNDLE_LOADER)";
				WRAPPER_EXTENSION = xctest;
			};
			name = Release;
		};
/* End XCBuildConfiguration section */

/* Begin XCConfigurationList section */
		3DCFF9FB1807A21D007ED778 /* Build configuration list for PBXProject "State Game" */ = {
			isa = XCConfigurationList;
			buildConfigurations = (
				3DCFFA301807A21E007ED778 /* Debug */,
				3DCFFA311807A21E007ED778 /* Release */,
			);
			defaultConfigurationIsVisible = 0;
			defaultConfigurationName = Release;
		};
		3DCFFA321807A21E007ED778 /* Build configuration list for PBXNativeTarget "State Game" */ = {
			isa = XCConfigurationList;
			buildConfigurations = (
				3DCFFA331807A21E007ED778 /* Debug */,
				3DCFFA341807A21E007ED778 /* Release */,
			);
			defaultConfigurationIsVisible = 0;
			defaultConfigurationName = Release;
		};
		3DCFFA351807A21E007ED778 /* Build configuration list for PBXNativeTarget "State GameTests" */ = {
			isa = XCConfigurationList;
			buildConfigurations = (
				3DCFFA361807A21E007ED778 /* Debug */,
				3DCFFA371807A21E007ED778 /* Release */,
			);
			defaultConfigurationIsVisible = 0;
			defaultConfigurationName = Release;
		};
/* End XCConfigurationList section */
	};
	rootObject = 3DCFF9F81807A21D007ED778 /* Project object */;
}
